
Microsoft Visual Studio Solution File, Format Version 12.00
Project("{FAE04EC0-301F-11D3-BF4B-00C04F79EFBC}") = "Falcata.DBRelational.AppConsole", "Falcata.DBRelational.AppConsole\Falcata.DBRelational.AppConsole.csproj", "{8768DBD1-E720-4EE8-B78D-85D66EBAC6E3}"
EndProject
Global
	GlobalSection(SolutionConfigurationPlatforms) = preSolution
		Debug|Any CPU = Debug|Any CPU
		Release|Any CPU = Release|Any CPU
	EndGlobalSection
	GlobalSection(ProjectConfigurationPlatforms) = postSolution
		{8768DBD1-E720-4EE8-B78D-85D66EBAC6E3}.Debug|Any CPU.ActiveCfg = Debug|Any CPU
		{8768DBD1-E720-4EE8-B78D-85D66EBAC6E3}.Debug|Any CPU.Build.0 = Debug|Any CPU
		{8768DBD1-E720-4EE8-B78D-85D66EBAC6E3}.Release|Any CPU.ActiveCfg = Release|Any CPU
		{8768DBD1-E720-4EE8-B78D-85D66EBAC6E3}.Release|Any CPU.Build.0 = Release|Any CPU
	EndGlobalSection
EndGlobal

Project("{2150E333-8FDC-42A3-9474-1A3956D46DE8}") = "SolutionItems", "SolutionItems", "{AB508581-2CC6-4DDC-A35E-0CD8DEC833C9}"
	ProjectSection(SolutionItems) = preProject
		.gitignore = .gitignore
		README.md = README.md
		docker-compose.yml = docker-compose.yml
		Dockerfile = Dockerfile
		nuget.config = nuget.config
		.ENV = .ENV
	EndProjectSection
EndProject
